// !$*UTF8*$!
{
	archiveVersion = 1;
	classes = {
	};
	objectVersion = 48;
	objects = {

/* Begin PBXBuildFile section */
		80669CB62069539B008B9014 /* CodableAlamofire.framework in Frameworks */ = {isa = PBXBuildFile; fileRef = 80669CB52069539B008B9014 /* CodableAlamofire.framework */; };
		80669CB8206953DD008B9014 /* UserRemoteDataSource.swift in Sources */ = {isa = PBXBuildFile; fileRef = 80669CB7206953DD008B9014 /* UserRemoteDataSource.swift */; };
		80669CBA20695720008B9014 /* UserTableViewCell.swift in Sources */ = {isa = PBXBuildFile; fileRef = 80669CB920695720008B9014 /* UserTableViewCell.swift */; };
		80669CBB20695720008B9014 /* UserTableViewCell.swift in Sources */ = {isa = PBXBuildFile; fileRef = 80669CB920695720008B9014 /* UserTableViewCell.swift */; };
		8072707220657B3E00FFF606 /* AppDelegate.swift in Sources */ = {isa = PBXBuildFile; fileRef = 8072707120657B3E00FFF606 /* AppDelegate.swift */; };
		8072707420657B3E00FFF606 /* MainViewController.swift in Sources */ = {isa = PBXBuildFile; fileRef = 8072707320657B3E00FFF606 /* MainViewController.swift */; };
		8072707720657B3E00FFF606 /* Main.storyboard in Resources */ = {isa = PBXBuildFile; fileRef = 8072707520657B3E00FFF606 /* Main.storyboard */; };
		8072707A20657B3E00FFF606 /* iOS_Repository_Example.xcdatamodeld in Sources */ = {isa = PBXBuildFile; fileRef = 8072707820657B3E00FFF606 /* iOS_Repository_Example.xcdatamodeld */; };
		8072707C20657B3E00FFF606 /* Assets.xcassets in Resources */ = {isa = PBXBuildFile; fileRef = 8072707B20657B3E00FFF606 /* Assets.xcassets */; };
		8072707F20657B3E00FFF606 /* LaunchScreen.storyboard in Resources */ = {isa = PBXBuildFile; fileRef = 8072707D20657B3E00FFF606 /* LaunchScreen.storyboard */; };
		8072708A20657B3E00FFF606 /* iOS_Repository_ExampleTests.swift in Sources */ = {isa = PBXBuildFile; fileRef = 8072708920657B3E00FFF606 /* iOS_Repository_ExampleTests.swift */; };
		8072709720657B6500FFF606 /* UserDataSource.swift in Sources */ = {isa = PBXBuildFile; fileRef = 8072709620657B6500FFF606 /* UserDataSource.swift */; };
		8072709920657B7D00FFF606 /* UserLocalDataSource.swift in Sources */ = {isa = PBXBuildFile; fileRef = 8072709820657B7D00FFF606 /* UserLocalDataSource.swift */; };
		8072709D20657B9600FFF606 /* UserRepo.swift in Sources */ = {isa = PBXBuildFile; fileRef = 8072709C20657B9600FFF606 /* UserRepo.swift */; };
		807270A62065834600FFF606 /* Alamofire.framework in Frameworks */ = {isa = PBXBuildFile; fileRef = 807270A02065834500FFF606 /* Alamofire.framework */; };
		807270A82065834600FFF606 /* AlamofireImage.framework in Frameworks */ = {isa = PBXBuildFile; fileRef = 807270A22065834500FFF606 /* AlamofireImage.framework */; };
		807270AD206587F400FFF606 /* User.swift in Sources */ = {isa = PBXBuildFile; fileRef = 807270AC206587F400FFF606 /* User.swift */; };
		807270B420658BE400FFF606 /* MainPresenter.swift in Sources */ = {isa = PBXBuildFile; fileRef = 807270B320658BE400FFF606 /* MainPresenter.swift */; };
		807270BC20659D3E00FFF606 /* MainView.swift in Sources */ = {isa = PBXBuildFile; fileRef = 807270BB20659D3E00FFF606 /* MainView.swift */; };
		807270BD2065A44400FFF606 /* RxBlocking.framework in Frameworks */ = {isa = PBXBuildFile; fileRef = 807270A42065834500FFF606 /* RxBlocking.framework */; };
		807270BE2065A44400FFF606 /* RxCocoa.framework in Frameworks */ = {isa = PBXBuildFile; fileRef = 807270A32065834500FFF606 /* RxCocoa.framework */; };
		807270BF2065A44400FFF606 /* RxSwift.framework in Frameworks */ = {isa = PBXBuildFile; fileRef = 8072709F2065834500FFF606 /* RxSwift.framework */; };
/* End PBXBuildFile section */

/* Begin PBXContainerItemProxy section */
		8072708620657B3E00FFF606 /* PBXContainerItemProxy */ = {
			isa = PBXContainerItemProxy;
			containerPortal = 8072706620657B3D00FFF606 /* Project object */;
			proxyType = 1;
			remoteGlobalIDString = 8072706D20657B3D00FFF606;
			remoteInfo = "iOS Repository Example";
		};
/* End PBXContainerItemProxy section */

/* Begin PBXFileReference section */
		80669CB52069539B008B9014 /* CodableAlamofire.framework */ = {isa = PBXFileReference; lastKnownFileType = wrapper.framework; name = CodableAlamofire.framework; path = Carthage/Build/iOS/CodableAlamofire.framework; sourceTree = "<group>"; };
		80669CB7206953DD008B9014 /* UserRemoteDataSource.swift */ = {isa = PBXFileReference; fileEncoding = 4; lastKnownFileType = sourcecode.swift; path = UserRemoteDataSource.swift; sourceTree = "<group>"; };
		80669CB920695720008B9014 /* UserTableViewCell.swift */ = {isa = PBXFileReference; lastKnownFileType = sourcecode.swift; path = UserTableViewCell.swift; sourceTree = "<group>"; };
		8072706E20657B3E00FFF606 /* iOS Repository Example.app */ = {isa = PBXFileReference; explicitFileType = wrapper.application; includeInIndex = 0; path = "iOS Repository Example.app"; sourceTree = BUILT_PRODUCTS_DIR; };
		8072707120657B3E00FFF606 /* AppDelegate.swift */ = {isa = PBXFileReference; lastKnownFileType = sourcecode.swift; path = AppDelegate.swift; sourceTree = "<group>"; };
		8072707320657B3E00FFF606 /* MainViewController.swift */ = {isa = PBXFileReference; lastKnownFileType = sourcecode.swift; path = MainViewController.swift; sourceTree = "<group>"; };
		8072707620657B3E00FFF606 /* Base */ = {isa = PBXFileReference; lastKnownFileType = file.storyboard; name = Base; path = Base.lproj/Main.storyboard; sourceTree = "<group>"; };
		8072707920657B3E00FFF606 /* iOS_Repository_Example.xcdatamodel */ = {isa = PBXFileReference; lastKnownFileType = wrapper.xcdatamodel; path = iOS_Repository_Example.xcdatamodel; sourceTree = "<group>"; };
		8072707B20657B3E00FFF606 /* Assets.xcassets */ = {isa = PBXFileReference; lastKnownFileType = folder.assetcatalog; path = Assets.xcassets; sourceTree = "<group>"; };
		8072707E20657B3E00FFF606 /* Base */ = {isa = PBXFileReference; lastKnownFileType = file.storyboard; name = Base; path = Base.lproj/LaunchScreen.storyboard; sourceTree = "<group>"; };
		8072708020657B3E00FFF606 /* Info.plist */ = {isa = PBXFileReference; lastKnownFileType = text.plist.xml; path = Info.plist; sourceTree = "<group>"; };
		8072708520657B3E00FFF606 /* iOS Repository ExampleTests.xctest */ = {isa = PBXFileReference; explicitFileType = wrapper.cfbundle; includeInIndex = 0; path = "iOS Repository ExampleTests.xctest"; sourceTree = BUILT_PRODUCTS_DIR; };
		8072708920657B3E00FFF606 /* iOS_Repository_ExampleTests.swift */ = {isa = PBXFileReference; lastKnownFileType = sourcecode.swift; path = iOS_Repository_ExampleTests.swift; sourceTree = "<group>"; };
		8072708B20657B3E00FFF606 /* Info.plist */ = {isa = PBXFileReference; lastKnownFileType = text.plist.xml; path = Info.plist; sourceTree = "<group>"; };
		8072709620657B6500FFF606 /* UserDataSource.swift */ = {isa = PBXFileReference; lastKnownFileType = sourcecode.swift; path = UserDataSource.swift; sourceTree = "<group>"; };
		8072709820657B7D00FFF606 /* UserLocalDataSource.swift */ = {isa = PBXFileReference; lastKnownFileType = sourcecode.swift; path = UserLocalDataSource.swift; sourceTree = "<group>"; };
		8072709C20657B9600FFF606 /* UserRepo.swift */ = {isa = PBXFileReference; lastKnownFileType = sourcecode.swift; path = UserRepo.swift; sourceTree = "<group>"; };
		8072709F2065834500FFF606 /* RxSwift.framework */ = {isa = PBXFileReference; lastKnownFileType = wrapper.framework; name = RxSwift.framework; path = Carthage/Build/iOS/RxSwift.framework; sourceTree = "<group>"; };
		807270A02065834500FFF606 /* Alamofire.framework */ = {isa = PBXFileReference; lastKnownFileType = wrapper.framework; name = Alamofire.framework; path = Carthage/Build/iOS/Alamofire.framework; sourceTree = "<group>"; };
		807270A12065834500FFF606 /* RxTest.framework */ = {isa = PBXFileReference; lastKnownFileType = wrapper.framework; name = RxTest.framework; path = Carthage/Build/iOS/RxTest.framework; sourceTree = "<group>"; };
		807270A22065834500FFF606 /* AlamofireImage.framework */ = {isa = PBXFileReference; lastKnownFileType = wrapper.framework; name = AlamofireImage.framework; path = Carthage/Build/iOS/AlamofireImage.framework; sourceTree = "<group>"; };
		807270A32065834500FFF606 /* RxCocoa.framework */ = {isa = PBXFileReference; lastKnownFileType = wrapper.framework; name = RxCocoa.framework; path = Carthage/Build/iOS/RxCocoa.framework; sourceTree = "<group>"; };
		807270A42065834500FFF606 /* RxBlocking.framework */ = {isa = PBXFileReference; lastKnownFileType = wrapper.framework; name = RxBlocking.framework; path = Carthage/Build/iOS/RxBlocking.framework; sourceTree = "<group>"; };
		807270AC206587F400FFF606 /* User.swift */ = {isa = PBXFileReference; lastKnownFileType = sourcecode.swift; path = User.swift; sourceTree = "<group>"; };
		807270B320658BE400FFF606 /* MainPresenter.swift */ = {isa = PBXFileReference; lastKnownFileType = sourcecode.swift; path = MainPresenter.swift; sourceTree = "<group>"; };
		807270BB20659D3E00FFF606 /* MainView.swift */ = {isa = PBXFileReference; lastKnownFileType = sourcecode.swift; path = MainView.swift; sourceTree = "<group>"; };
/* End PBXFileReference section */

/* Begin PBXFrameworksBuildPhase section */
		8072706B20657B3D00FFF606 /* Frameworks */ = {
			isa = PBXFrameworksBuildPhase;
			buildActionMask = 2147483647;
			files = (
				807270A62065834600FFF606 /* Alamofire.framework in Frameworks */,
				807270A82065834600FFF606 /* AlamofireImage.framework in Frameworks */,
				80669CB62069539B008B9014 /* CodableAlamofire.framework in Frameworks */,
				807270BD2065A44400FFF606 /* RxBlocking.framework in Frameworks */,
				807270BE2065A44400FFF606 /* RxCocoa.framework in Frameworks */,
				807270BF2065A44400FFF606 /* RxSwift.framework in Frameworks */,
			);
			runOnlyForDeploymentPostprocessing = 0;
		};
		8072708220657B3E00FFF606 /* Frameworks */ = {
			isa = PBXFrameworksBuildPhase;
			buildActionMask = 2147483647;
			files = (
			);
			runOnlyForDeploymentPostprocessing = 0;
		};
/* End PBXFrameworksBuildPhase section */

/* Begin PBXGroup section */
		8072706520657B3D00FFF606 = {
			isa = PBXGroup;
			children = (
				8072707020657B3E00FFF606 /* iOS Repository Example */,
				8072708820657B3E00FFF606 /* iOS Repository ExampleTests */,
				8072706F20657B3E00FFF606 /* Products */,
				8072709E2065834500FFF606 /* Frameworks */,
			);
			sourceTree = "<group>";
		};
		8072706F20657B3E00FFF606 /* Products */ = {
			isa = PBXGroup;
			children = (
				8072706E20657B3E00FFF606 /* iOS Repository Example.app */,
				8072708520657B3E00FFF606 /* iOS Repository ExampleTests.xctest */,
			);
			name = Products;
			sourceTree = "<group>";
		};
		8072707020657B3E00FFF606 /* iOS Repository Example */ = {
			isa = PBXGroup;
			children = (
				807270AE20658B9300FFF606 /* screens */,
				8072709420657B4B00FFF606 /* data */,
				8072707120657B3E00FFF606 /* AppDelegate.swift */,
				8072707520657B3E00FFF606 /* Main.storyboard */,
				80669CB920695720008B9014 /* UserTableViewCell.swift */,
				8072707B20657B3E00FFF606 /* Assets.xcassets */,
				8072707D20657B3E00FFF606 /* LaunchScreen.storyboard */,
				8072708020657B3E00FFF606 /* Info.plist */,
				8072707820657B3E00FFF606 /* iOS_Repository_Example.xcdatamodeld */,
			);
			path = "iOS Repository Example";
			sourceTree = "<group>";
		};
		8072708820657B3E00FFF606 /* iOS Repository ExampleTests */ = {
			isa = PBXGroup;
			children = (
				8072708920657B3E00FFF606 /* iOS_Repository_ExampleTests.swift */,
				8072708B20657B3E00FFF606 /* Info.plist */,
			);
			path = "iOS Repository ExampleTests";
			sourceTree = "<group>";
		};
		8072709420657B4B00FFF606 /* data */ = {
			isa = PBXGroup;
			children = (
				807270AB206587E200FFF606 /* model */,
				8072709520657B5500FFF606 /* user */,
			);
			path = data;
			sourceTree = "<group>";
		};
		8072709520657B5500FFF606 /* user */ = {
			isa = PBXGroup;
			children = (
				8072709620657B6500FFF606 /* UserDataSource.swift */,
				8072709820657B7D00FFF606 /* UserLocalDataSource.swift */,
				80669CB7206953DD008B9014 /* UserRemoteDataSource.swift */,
				8072709C20657B9600FFF606 /* UserRepo.swift */,
			);
			path = user;
			sourceTree = "<group>";
		};
		8072709E2065834500FFF606 /* Frameworks */ = {
			isa = PBXGroup;
			children = (
				80669CB52069539B008B9014 /* CodableAlamofire.framework */,
				807270A02065834500FFF606 /* Alamofire.framework */,
				807270A22065834500FFF606 /* AlamofireImage.framework */,
				807270A42065834500FFF606 /* RxBlocking.framework */,
				807270A32065834500FFF606 /* RxCocoa.framework */,
				8072709F2065834500FFF606 /* RxSwift.framework */,
				807270A12065834500FFF606 /* RxTest.framework */,
			);
			name = Frameworks;
			sourceTree = "<group>";
		};
		807270AB206587E200FFF606 /* model */ = {
			isa = PBXGroup;
			children = (
				807270AC206587F400FFF606 /* User.swift */,
			);
			path = model;
			sourceTree = "<group>";
		};
		807270AE20658B9300FFF606 /* screens */ = {
			isa = PBXGroup;
			children = (
				807270AF20658B9900FFF606 /* main */,
			);
			path = screens;
			sourceTree = "<group>";
		};
		807270AF20658B9900FFF606 /* main */ = {
			isa = PBXGroup;
			children = (
				8072707320657B3E00FFF606 /* MainViewController.swift */,
				807270B320658BE400FFF606 /* MainPresenter.swift */,
				807270BB20659D3E00FFF606 /* MainView.swift */,
			);
			path = main;
			sourceTree = "<group>";
		};
/* End PBXGroup section */

/* Begin PBXNativeTarget section */
		8072706D20657B3D00FFF606 /* iOS Repository Example */ = {
			isa = PBXNativeTarget;
			buildConfigurationList = 8072708E20657B3E00FFF606 /* Build configuration list for PBXNativeTarget "iOS Repository Example" */;
			buildPhases = (
				8072706A20657B3D00FFF606 /* Sources */,
				8072706B20657B3D00FFF606 /* Frameworks */,
				8072706C20657B3D00FFF606 /* Resources */,
				807270C12065A46400FFF606 /* ShellScript */,
			);
			buildRules = (
			);
			dependencies = (
			);
			name = "iOS Repository Example";
			productName = "iOS Repository Example";
			productReference = 8072706E20657B3E00FFF606 /* iOS Repository Example.app */;
			productType = "com.apple.product-type.application";
		};
		8072708420657B3E00FFF606 /* iOS Repository ExampleTests */ = {
			isa = PBXNativeTarget;
			buildConfigurationList = 8072709120657B3E00FFF606 /* Build configuration list for PBXNativeTarget "iOS Repository ExampleTests" */;
			buildPhases = (
				8072708120657B3E00FFF606 /* Sources */,
				8072708220657B3E00FFF606 /* Frameworks */,
				8072708320657B3E00FFF606 /* Resources */,
			);
			buildRules = (
			);
			dependencies = (
				8072708720657B3E00FFF606 /* PBXTargetDependency */,
			);
			name = "iOS Repository ExampleTests";
			productName = "iOS Repository ExampleTests";
			productReference = 8072708520657B3E00FFF606 /* iOS Repository ExampleTests.xctest */;
			productType = "com.apple.product-type.bundle.unit-test";
		};
/* End PBXNativeTarget section */

/* Begin PBXProject section */
		8072706620657B3D00FFF606 /* Project object */ = {
			isa = PBXProject;
			attributes = {
				LastSwiftUpdateCheck = 0920;
				LastUpgradeCheck = 0920;
				ORGANIZATIONNAME = "Jeffrey McNally-Dawes";
				TargetAttributes = {
					8072706D20657B3D00FFF606 = {
						CreatedOnToolsVersion = 9.2;
						ProvisioningStyle = Automatic;
					};
					8072708420657B3E00FFF606 = {
						CreatedOnToolsVersion = 9.2;
						ProvisioningStyle = Automatic;
						TestTargetID = 8072706D20657B3D00FFF606;
					};
				};
			};
			buildConfigurationList = 8072706920657B3D00FFF606 /* Build configuration list for PBXProject "iOS Repository Example" */;
			compatibilityVersion = "Xcode 8.0";
			developmentRegion = en;
			hasScannedForEncodings = 0;
			knownRegions = (
				en,
				Base,
			);
			mainGroup = 8072706520657B3D00FFF606;
			productRefGroup = 8072706F20657B3E00FFF606 /* Products */;
			projectDirPath = "";
			projectRoot = "";
			targets = (
				8072706D20657B3D00FFF606 /* iOS Repository Example */,
				8072708420657B3E00FFF606 /* iOS Repository ExampleTests */,
			);
		};
/* End PBXProject section */

/* Begin PBXResourcesBuildPhase section */
		8072706C20657B3D00FFF606 /* Resources */ = {
			isa = PBXResourcesBuildPhase;
			buildActionMask = 2147483647;
			files = (
				8072707F20657B3E00FFF606 /* LaunchScreen.storyboard in Resources */,
				8072707C20657B3E00FFF606 /* Assets.xcassets in Resources */,
				8072707720657B3E00FFF606 /* Main.storyboard in Resources */,
			);
			runOnlyForDeploymentPostprocessing = 0;
		};
		8072708320657B3E00FFF606 /* Resources */ = {
			isa = PBXResourcesBuildPhase;
			buildActionMask = 2147483647;
			files = (
			);
			runOnlyForDeploymentPostprocessing = 0;
		};
/* End PBXResourcesBuildPhase section */

/* Begin PBXShellScriptBuildPhase section */
		807270C12065A46400FFF606 /* ShellScript */ = {
			isa = PBXShellScriptBuildPhase;
			buildActionMask = 2147483647;
			files = (
			);
			inputPaths = (
				"$(SRCROOT)/Carthage/Build/iOS/Alamofire.framework",
				"$(SRCROOT)/Carthage/Build/iOS/AlamofireImage.framework",
				"$(SRCROOT)/Carthage/Build/iOS/RxBlocking.framework",
				"$(SRCROOT)/Carthage/Build/iOS/RxCocoa.framework",
				"$(SRCROOT)/Carthage/Build/iOS/RxSwift.framework",
				"$(SRCROOT)/Carthage/Build/iOS/CodableAlamofire.framework",
			);
			outputPaths = (
			);
			runOnlyForDeploymentPostprocessing = 0;
			shellPath = /bin/sh;
			shellScript = "/usr/local/bin/carthage copy-frameworks";
		};
/* End PBXShellScriptBuildPhase section */

/* Begin PBXSourcesBuildPhase section */
		8072706A20657B3D00FFF606 /* Sources */ = {
			isa = PBXSourcesBuildPhase;
			buildActionMask = 2147483647;
			files = (
				8072707A20657B3E00FFF606 /* iOS_Repository_Example.xcdatamodeld in Sources */,
				8072709720657B6500FFF606 /* UserDataSource.swift in Sources */,
				80669CBA20695720008B9014 /* UserTableViewCell.swift in Sources */,
				8072707420657B3E00FFF606 /* MainViewController.swift in Sources */,
				807270BC20659D3E00FFF606 /* MainView.swift in Sources */,
				807270B420658BE400FFF606 /* MainPresenter.swift in Sources */,
				807270AD206587F400FFF606 /* User.swift in Sources */,
				8072709D20657B9600FFF606 /* UserRepo.swift in Sources */,
				8072707220657B3E00FFF606 /* AppDelegate.swift in Sources */,
				8072709920657B7D00FFF606 /* UserLocalDataSource.swift in Sources */,
				80669CB8206953DD008B9014 /* UserRemoteDataSource.swift in Sources */,
			);
			runOnlyForDeploymentPostprocessing = 0;
		};
		8072708120657B3E00FFF606 /* Sources */ = {
			isa = PBXSourcesBuildPhase;
			buildActionMask = 2147483647;
			files = (
				80669CBB20695720008B9014 /* UserTableViewCell.swift in Sources */,
				8072708A20657B3E00FFF606 /* iOS_Repository_ExampleTests.swift in Sources */,
			);
			runOnlyForDeploymentPostprocessing = 0;
		};
/* End PBXSourcesBuildPhase section */

/* Begin PBXTargetDependency section */
		8072708720657B3E00FFF606 /* PBXTargetDependency */ = {
			isa = PBXTargetDependency;
			target = 8072706D20657B3D00FFF606 /* iOS Repository Example */;
			targetProxy = 8072708620657B3E00FFF606 /* PBXContainerItemProxy */;
		};
/* End PBXTargetDependency section */

/* Begin PBXVariantGroup section */
		8072707520657B3E00FFF606 /* Main.storyboard */ = {
			isa = PBXVariantGroup;
			children = (
				8072707620657B3E00FFF606 /* Base */,
			);
			name = Main.storyboard;
			sourceTree = "<group>";
		};
		8072707D20657B3E00FFF606 /* LaunchScreen.storyboard */ = {
			isa = PBXVariantGroup;
			children = (
				8072707E20657B3E00FFF606 /* Base */,
			);
			name = LaunchScreen.storyboard;
			sourceTree = "<group>";
		};
/* End PBXVariantGroup section */

/* Begin XCBuildConfiguration section */
		8072708C20657B3E00FFF606 /* Debug */ = {
			isa = XCBuildConfiguration;
			buildSettings = {
				ALWAYS_SEARCH_USER_PATHS = NO;
				CLANG_ANALYZER_NONNULL = YES;
				CLANG_ANALYZER_NUMBER_OBJECT_CONVERSION = YES_AGGRESSIVE;
				CLANG_CXX_LANGUAGE_STANDARD = "gnu++14";
				CLANG_CXX_LIBRARY = "libc++";
				CLANG_ENABLE_MODULES = YES;
				CLANG_ENABLE_OBJC_ARC = YES;
				CLANG_WARN_BLOCK_CAPTURE_AUTORELEASING = YES;
				CLANG_WARN_BOOL_CONVERSION = YES;
				CLANG_WARN_COMMA = YES;
				CLANG_WARN_CONSTANT_CONVERSION = YES;
				CLANG_WARN_DIRECT_OBJC_ISA_USAGE = YES_ERROR;
				CLANG_WARN_DOCUMENTATION_COMMENTS = YES;
				CLANG_WARN_EMPTY_BODY = YES;
				CLANG_WARN_ENUM_CONVERSION = YES;
				CLANG_WARN_INFINITE_RECURSION = YES;
				CLANG_WARN_INT_CONVERSION = YES;
				CLANG_WARN_NON_LITERAL_NULL_CONVERSION = YES;
				CLANG_WARN_OBJC_LITERAL_CONVERSION = YES;
				CLANG_WARN_OBJC_ROOT_CLASS = YES_ERROR;
				CLANG_WARN_RANGE_LOOP_ANALYSIS = YES;
				CLANG_WARN_STRICT_PROTOTYPES = YES;
				CLANG_WARN_SUSPICIOUS_MOVE = YES;
				CLANG_WARN_UNGUARDED_AVAILABILITY = YES_AGGRESSIVE;
				CLANG_WARN_UNREACHABLE_CODE = YES;
				CLANG_WARN__DUPLICATE_METHOD_MATCH = YES;
				CODE_SIGN_IDENTITY = "iPhone Developer";
				COPY_PHASE_STRIP = NO;
				DEBUG_INFORMATION_FORMAT = dwarf;
				ENABLE_STRICT_OBJC_MSGSEND = YES;
				ENABLE_TESTABILITY = YES;
				GCC_C_LANGUAGE_STANDARD = gnu11;
				GCC_DYNAMIC_NO_PIC = NO;
				GCC_NO_COMMON_BLOCKS = YES;
				GCC_OPTIMIZATION_LEVEL = 0;
				GCC_PREPROCESSOR_DEFINITIONS = (
					"DEBUG=1",
					"$(inherited)",
				);
				GCC_WARN_64_TO_32_BIT_CONVERSION = YES;
				GCC_WARN_ABOUT_RETURN_TYPE = YES_ERROR;
				GCC_WARN_UNDECLARED_SELECTOR = YES;
				GCC_WARN_UNINITIALIZED_AUTOS = YES_AGGRESSIVE;
				GCC_WARN_UNUSED_FUNCTION = YES;
				GCC_WARN_UNUSED_VARIABLE = YES;
				IPHONEOS_DEPLOYMENT_TARGET = 11.2;
				MTL_ENABLE_DEBUG_INFO = YES;
				ONLY_ACTIVE_ARCH = YES;
				SDKROOT = iphoneos;
				SWIFT_ACTIVE_COMPILATION_CONDITIONS = DEBUG;
				SWIFT_OPTIMIZATION_LEVEL = "-Onone";
			};
			name = Debug;
		};
		8072708D20657B3E00FFF606 /* Release */ = {
			isa = XCBuildConfiguration;
			buildSettings = {
				ALWAYS_SEARCH_USER_PATHS = NO;
				CLANG_ANALYZER_NONNULL = YES;
				CLANG_ANALYZER_NUMBER_OBJECT_CONVERSION = YES_AGGRESSIVE;
				CLANG_CXX_LANGUAGE_STANDARD = "gnu++14";
				CLANG_CXX_LIBRARY = "libc++";
				CLANG_ENABLE_MODULES = YES;
				CLANG_ENABLE_OBJC_ARC = YES;
				CLANG_WARN_BLOCK_CAPTURE_AUTORELEASING = YES;
				CLANG_WARN_BOOL_CONVERSION = YES;
				CLANG_WARN_COMMA = YES;
				CLANG_WARN_CONSTANT_CONVERSION = YES;
				CLANG_WARN_DIRECT_OBJC_ISA_USAGE = YES_ERROR;
				CLANG_WARN_DOCUMENTATION_COMMENTS = YES;
				CLANG_WARN_EMPTY_BODY = YES;
				CLANG_WARN_ENUM_CONVERSION = YES;
				CLANG_WARN_INFINITE_RECURSION = YES;
				CLANG_WARN_INT_CONVERSION = YES;
				CLANG_WARN_NON_LITERAL_NULL_CONVERSION = YES;
				CLANG_WARN_OBJC_LITERAL_CONVERSION = YES;
				CLANG_WARN_OBJC_ROOT_CLASS = YES_ERROR;
				CLANG_WARN_RANGE_LOOP_ANALYSIS = YES;
				CLANG_WARN_STRICT_PROTOTYPES = YES;
				CLANG_WARN_SUSPICIOUS_MOVE = YES;
				CLANG_WARN_UNGUARDED_AVAILABILITY = YES_AGGRESSIVE;
				CLANG_WARN_UNREACHABLE_CODE = YES;
				CLANG_WARN__DUPLICATE_METHOD_MATCH = YES;
				CODE_SIGN_IDENTITY = "iPhone Developer";
				COPY_PHASE_STRIP = NO;
				DEBUG_INFORMATION_FORMAT = "dwarf-with-dsym";
				ENABLE_NS_ASSERTIONS = NO;
				ENABLE_STRICT_OBJC_MSGSEND = YES;
				GCC_C_LANGUAGE_STANDARD = gnu11;
				GCC_NO_COMMON_BLOCKS = YES;
				GCC_WARN_64_TO_32_BIT_CONVERSION = YES;
				GCC_WARN_ABOUT_RETURN_TYPE = YES_ERROR;
				GCC_WARN_UNDECLARED_SELECTOR = YES;
				GCC_WARN_UNINITIALIZED_AUTOS = YES_AGGRESSIVE;
				GCC_WARN_UNUSED_FUNCTION = YES;
				GCC_WARN_UNUSED_VARIABLE = YES;
				IPHONEOS_DEPLOYMENT_TARGET = 11.2;
				MTL_ENABLE_DEBUG_INFO = NO;
				SDKROOT = iphoneos;
				SWIFT_OPTIMIZATION_LEVEL = "-Owholemodule";
				VALIDATE_PRODUCT = YES;
			};
			name = Release;
		};
		8072708F20657B3E00FFF606 /* Debug */ = {
			isa = XCBuildConfiguration;
			buildSettings = {
				ASSETCATALOG_COMPILER_APPICON_NAME = AppIcon;
				CODE_SIGN_STYLE = Automatic;
				FRAMEWORK_SEARCH_PATHS = (
					"$(inherited)",
					"$(PROJECT_DIR)/Carthage/Build/iOS",
				);
				INFOPLIST_FILE = "iOS Repository Example/Info.plist";
				LD_RUNPATH_SEARCH_PATHS = "$(inherited) @executable_path/Frameworks";
				PRODUCT_BUNDLE_IDENTIFIER = "xyz.mcnallydawes.iOS-Repository-Example";
				PRODUCT_NAME = "$(TARGET_NAME)";
				SWIFT_VERSION = 4.0;
				TARGETED_DEVICE_FAMILY = "1,2";
			};
			name = Debug;
		};
		8072709020657B3E00FFF606 /* Release */ = {
			isa = XCBuildConfiguration;
			buildSettings = {
				ASSETCATALOG_COMPILER_APPICON_NAME = AppIcon;
				CODE_SIGN_STYLE = Automatic;
				FRAMEWORK_SEARCH_PATHS = (
					"$(inherited)",
					"$(PROJECT_DIR)/Carthage/Build/iOS",
				);
				INFOPLIST_FILE = "iOS Repository Example/Info.plist";
				LD_RUNPATH_SEARCH_PATHS = "$(inherited) @executable_path/Frameworks";
				PRODUCT_BUNDLE_IDENTIFIER = "xyz.mcnallydawes.iOS-Repository-Example";
				PRODUCT_NAME = "$(TARGET_NAME)";
				SWIFT_VERSION = 4.0;
				TARGETED_DEVICE_FAMILY = "1,2";
			};
			name = Release;
		};
		8072709220657B3E00FFF606 /* Debug */ = {
			isa = XCBuildConfiguration;
			buildSettings = {
				ALWAYS_EMBED_SWIFT_STANDARD_LIBRARIES = YES;
				BUNDLE_LOADER = "$(TEST_HOST)";
				CODE_SIGN_STYLE = Automatic;
				INFOPLIST_FILE = "iOS Repository ExampleTests/Info.plist";
				LD_RUNPATH_SEARCH_PATHS = "$(inherited) @executable_path/Frameworks @loader_path/Frameworks";
				PRODUCT_BUNDLE_IDENTIFIER = "xyz.mcnallydawes.iOS-Repository-ExampleTests";
				PRODUCT_NAME = "$(TARGET_NAME)";
				SWIFT_VERSION = 4.0;
				TARGETED_DEVICE_FAMILY = "1,2";
				TEST_HOST = "$(BUILT_PRODUCTS_DIR)/iOS Repository Example.app/iOS Repository Example";
			};
			name = Debug;
		};
		8072709320657B3E00FFF606 /* Release */ = {
			isa = XCBuildConfiguration;
			buildSettings = {
				ALWAYS_EMBED_SWIFT_STANDARD_LIBRARIES = YES;
				BUNDLE_LOADER = "$(TEST_HOST)";
				CODE_SIGN_STYLE = Automatic;
				INFOPLIST_FILE = "iOS Repository ExampleTests/Info.plist";
				LD_RUNPATH_SEARCH_PATHS = "$(inherited) @executable_path/Frameworks @loader_path/Frameworks";
				PRODUCT_BUNDLE_IDENTIFIER = "xyz.mcnallydawes.iOS-Repository-ExampleTests";
				PRODUCT_NAME = "$(TARGET_NAME)";
				SWIFT_VERSION = 4.0;
				TARGETED_DEVICE_FAMILY = "1,2";
				TEST_HOST = "$(BUILT_PRODUCTS_DIR)/iOS Repository Example.app/iOS Repository Example";
			};
			name = Release;
		};
/* End XCBuildConfiguration section */

/* Begin XCConfigurationList section */
		8072706920657B3D00FFF606 /* Build configuration list for PBXProject "iOS Repository Example" */ = {
			isa = XCConfigurationList;
			buildConfigurations = (
				8072708C20657B3E00FFF606 /* Debug */,
				8072708D20657B3E00FFF606 /* Release */,
			);
			defaultConfigurationIsVisible = 0;
			defaultConfigurationName = Release;
		};
		8072708E20657B3E00FFF606 /* Build configuration list for PBXNativeTarget "iOS Repository Example" */ = {
			isa = XCConfigurationList;
			buildConfigurations = (
				8072708F20657B3E00FFF606 /* Debug */,
				8072709020657B3E00FFF606 /* Release */,
			);
			defaultConfigurationIsVisible = 0;
			defaultConfigurationName = Release;
		};
		8072709120657B3E00FFF606 /* Build configuration list for PBXNativeTarget "iOS Repository ExampleTests" */ = {
			isa = XCConfigurationList;
			buildConfigurations = (
				8072709220657B3E00FFF606 /* Debug */,
				8072709320657B3E00FFF606 /* Release */,
			);
			defaultConfigurationIsVisible = 0;
			defaultConfigurationName = Release;
		};
/* End XCConfigurationList section */

/* Begin XCVersionGroup section */
		8072707820657B3E00FFF606 /* iOS_Repository_Example.xcdatamodeld */ = {
			isa = XCVersionGroup;
			children = (
				8072707920657B3E00FFF606 /* iOS_Repository_Example.xcdatamodel */,
			);
			currentVersion = 8072707920657B3E00FFF606 /* iOS_Repository_Example.xcdatamodel */;
			path = iOS_Repository_Example.xcdatamodeld;
			sourceTree = "<group>";
			versionGroupType = wrapper.xcdatamodel;
		};
/* End XCVersionGroup section */
	};
	rootObject = 8072706620657B3D00FFF606 /* Project object */;
}
